{
  "name": "neon-drift",
  "version": "1.0.0",
  "lockfileVersion": 3,
  "requires": true,
  "packages": {
    "": {
      "name": "neon-drift",
      "version": "1.0.0",
      "dependencies": {
        "phaser": "file:vendor/phaser",
        "vite": "file:vendor/vite"
      },
      "devDependencies": {}
    },
    "node_modules/phaser": {
      "resolved": "vendor/phaser",
      "link": true
    },
    "node_modules/vite": {
      "resolved": "vendor/vite",
      "link": true
    },
    "vendor/phaser": {
      "version": "3.90.0-neon-local"
    },
    "vendor/vite": {
      "version": "7.0.0-neon-local",
      "bin": {
        "vite": "bin/vite.js"
      }
    }
  }
}
